
Microsoft Visual Studio Solution File, Format Version 12.00
# Visual Studio Version 17
VisualStudioVersion = 17.0.31521.260
MinimumVisualStudioVersion = 10.0.40219.1
Project("{9A19103F-16F7-4668-BE54-9A1E7A4F7556}") = "Dapper.Fluent.API", "Dapper.Fluent.API\Dapper.Fluent.API.csproj", "{5CE0256A-D0A6-41C5-BCA5-0D43C3F45DAA}"
EndProject
Project("{9A19103F-16F7-4668-BE54-9A1E7A4F7556}") = "Dapper.Fluent.Domain", "Dapper.Fluent.Domain\Dapper.Fluent.Domain.csproj", "{8B92C44A-C0C8-4E02-B528-003B980098E7}"
EndProject
Project("{9A19103F-16F7-4668-BE54-9A1E7A4F7556}") = "Dapper.Fluent.Application", "Dapper.Fluent.Application\Dapper.Fluent.Application.csproj", "{A10865FE-4A7C-4CC3-B0FC-4AABAF1FAEAF}"
EndProject
Project("{9A19103F-16F7-4668-BE54-9A1E7A4F7556}") = "Dapper.Fluent.Repository", "Dapper.Fluent.Repository\Dapper.Fluent.Repository.csproj", "{5F7647C0-F9CA-42D1-A355-53AF6DE0AD45}"
EndProject
Project("{9A19103F-16F7-4668-BE54-9A1E7A4F7556}") = "Dapper.Fluent.ORM", "Dapper.Fluent.ORM\Dapper.Fluent.ORM.csproj", "{83FDE3D8-C5B5-4E1D-A271-13EEEB766662}"
EndProject
Project("{9A19103F-16F7-4668-BE54-9A1E7A4F7556}") = "Dapper.Fluent.ORM.Postgres", "Dapper.Fluent.ORM.Postgres\Dapper.Fluent.ORM.Postgres.csproj", "{F534FDD0-958F-4690-A130-633E1BE84EAE}"
EndProject
Project("{2150E333-8FDC-42A3-9474-1A3956D46DE8}") = "Consumer", "Consumer", "{7AE72332-24FD-4482-A54E-B110773D086A}"
EndProject
Project("{2150E333-8FDC-42A3-9474-1A3956D46DE8}") = "Implementation", "Implementation", "{E1C865B3-BA43-4385-A2A5-216D0714CA3D}"
EndProject
Project("{9A19103F-16F7-4668-BE54-9A1E7A4F7556}") = "Dapper.Fluent.ORM.Tests", "Dapper.Fluent.ORM.Tests\Dapper.Fluent.ORM.Tests.csproj", "{81AFEF2F-4028-4B5B-85CE-BF9E3F8D7168}"
EndProject
Project("{FAE04EC0-301F-11D3-BF4B-00C04F79EFBC}") = "Dapper.Fluent.ORM.MultiSchema", "Dapper.Fluent.ORM.MultiSchema\Dapper.Fluent.ORM.MultiSchema.csproj", "{F7FE9E16-24C0-497C-BD5B-C3588C68256F}"
EndProject
Global
	GlobalSection(SolutionConfigurationPlatforms) = preSolution
		Debug|Any CPU = Debug|Any CPU
		Release|Any CPU = Release|Any CPU
	EndGlobalSection
	GlobalSection(ProjectConfigurationPlatforms) = postSolution
		{5CE0256A-D0A6-41C5-BCA5-0D43C3F45DAA}.Debug|Any CPU.ActiveCfg = Debug|Any CPU
		{5CE0256A-D0A6-41C5-BCA5-0D43C3F45DAA}.Debug|Any CPU.Build.0 = Debug|Any CPU
		{5CE0256A-D0A6-41C5-BCA5-0D43C3F45DAA}.Release|Any CPU.ActiveCfg = Release|Any CPU
		{5CE0256A-D0A6-41C5-BCA5-0D43C3F45DAA}.Release|Any CPU.Build.0 = Release|Any CPU
		{8B92C44A-C0C8-4E02-B528-003B980098E7}.Debug|Any CPU.ActiveCfg = Debug|Any CPU
		{8B92C44A-C0C8-4E02-B528-003B980098E7}.Debug|Any CPU.Build.0 = Debug|Any CPU
		{8B92C44A-C0C8-4E02-B528-003B980098E7}.Release|Any CPU.ActiveCfg = Release|Any CPU
		{8B92C44A-C0C8-4E02-B528-003B980098E7}.Release|Any CPU.Build.0 = Release|Any CPU
		{A10865FE-4A7C-4CC3-B0FC-4AABAF1FAEAF}.Debug|Any CPU.ActiveCfg = Debug|Any CPU
		{A10865FE-4A7C-4CC3-B0FC-4AABAF1FAEAF}.Debug|Any CPU.Build.0 = Debug|Any CPU
		{A10865FE-4A7C-4CC3-B0FC-4AABAF1FAEAF}.Release|Any CPU.ActiveCfg = Release|Any CPU
		{A10865FE-4A7C-4CC3-B0FC-4AABAF1FAEAF}.Release|Any CPU.Build.0 = Release|Any CPU
		{5F7647C0-F9CA-42D1-A355-53AF6DE0AD45}.Debug|Any CPU.ActiveCfg = Debug|Any CPU
		{5F7647C0-F9CA-42D1-A355-53AF6DE0AD45}.Debug|Any CPU.Build.0 = Debug|Any CPU
		{5F7647C0-F9CA-42D1-A355-53AF6DE0AD45}.Release|Any CPU.ActiveCfg = Release|Any CPU
		{5F7647C0-F9CA-42D1-A355-53AF6DE0AD45}.Release|Any CPU.Build.0 = Release|Any CPU
		{83FDE3D8-C5B5-4E1D-A271-13EEEB766662}.Debug|Any CPU.ActiveCfg = Debug|Any CPU
		{83FDE3D8-C5B5-4E1D-A271-13EEEB766662}.Debug|Any CPU.Build.0 = Debug|Any CPU
		{83FDE3D8-C5B5-4E1D-A271-13EEEB766662}.Release|Any CPU.ActiveCfg = Release|Any CPU
		{83FDE3D8-C5B5-4E1D-A271-13EEEB766662}.Release|Any CPU.Build.0 = Release|Any CPU
		{F534FDD0-958F-4690-A130-633E1BE84EAE}.Debug|Any CPU.ActiveCfg = Debug|Any CPU
		{F534FDD0-958F-4690-A130-633E1BE84EAE}.Debug|Any CPU.Build.0 = Debug|Any CPU
		{F534FDD0-958F-4690-A130-633E1BE84EAE}.Release|Any CPU.ActiveCfg = Release|Any CPU
		{F534FDD0-958F-4690-A130-633E1BE84EAE}.Release|Any CPU.Build.0 = Release|Any CPU
		{81AFEF2F-4028-4B5B-85CE-BF9E3F8D7168}.Debug|Any CPU.ActiveCfg = Debug|Any CPU
		{81AFEF2F-4028-4B5B-85CE-BF9E3F8D7168}.Debug|Any CPU.Build.0 = Debug|Any CPU
		{81AFEF2F-4028-4B5B-85CE-BF9E3F8D7168}.Release|Any CPU.ActiveCfg = Release|Any CPU
		{81AFEF2F-4028-4B5B-85CE-BF9E3F8D7168}.Release|Any CPU.Build.0 = Release|Any CPU
		{F7FE9E16-24C0-497C-BD5B-C3588C68256F}.Debug|Any CPU.ActiveCfg = Debug|Any CPU
		{F7FE9E16-24C0-497C-BD5B-C3588C68256F}.Debug|Any CPU.Build.0 = Debug|Any CPU
		{F7FE9E16-24C0-497C-BD5B-C3588C68256F}.Release|Any CPU.ActiveCfg = Release|Any CPU
		{F7FE9E16-24C0-497C-BD5B-C3588C68256F}.Release|Any CPU.Build.0 = Release|Any CPU
	EndGlobalSection
	GlobalSection(SolutionProperties) = preSolution
		HideSolutionNode = FALSE
	EndGlobalSection
	GlobalSection(NestedProjects) = preSolution
		{5CE0256A-D0A6-41C5-BCA5-0D43C3F45DAA} = {7AE72332-24FD-4482-A54E-B110773D086A}
		{8B92C44A-C0C8-4E02-B528-003B980098E7} = {7AE72332-24FD-4482-A54E-B110773D086A}
		{A10865FE-4A7C-4CC3-B0FC-4AABAF1FAEAF} = {7AE72332-24FD-4482-A54E-B110773D086A}
		{5F7647C0-F9CA-42D1-A355-53AF6DE0AD45} = {7AE72332-24FD-4482-A54E-B110773D086A}
		{83FDE3D8-C5B5-4E1D-A271-13EEEB766662} = {E1C865B3-BA43-4385-A2A5-216D0714CA3D}
		{F534FDD0-958F-4690-A130-633E1BE84EAE} = {E1C865B3-BA43-4385-A2A5-216D0714CA3D}
		{81AFEF2F-4028-4B5B-85CE-BF9E3F8D7168} = {E1C865B3-BA43-4385-A2A5-216D0714CA3D}
		{F7FE9E16-24C0-497C-BD5B-C3588C68256F} = {E1C865B3-BA43-4385-A2A5-216D0714CA3D}
	EndGlobalSection
	GlobalSection(ExtensibilityGlobals) = postSolution
		SolutionGuid = {555D8BA0-6DBF-4649-9838-DBB4827B798F}
	EndGlobalSection
EndGlobal
